
Microsoft Visual Studio Solution File, Format Version 12.00
# Visual Studio Version 17
VisualStudioVersion = 17.6.33815.320
MinimumVisualStudioVersion = 10.0.40219.1
Project("{9A19103F-16F7-4668-BE54-9A1E7A4F7556}") = "Redis_Graphql", "Redis_Graphql\Redis_Graphql.csproj", "{64F8725C-2AD8-4435-81B1-2960F4267C15}"
EndProject
Project("{9A19103F-16F7-4668-BE54-9A1E7A4F7556}") = "Redis.OM", "..\..\redis-om-dotnet-fix-expression-constant-in-contains\redis-om-dotnet-fix-expression-constant-in-contains\src\Redis.OM\Redis.OM.csproj", "{FD793FF1-0388-49B8-A910-8E18BE0A526A}"
EndProject
Global
	GlobalSection(SolutionConfigurationPlatforms) = preSolution
		Debug|Any CPU = Debug|Any CPU
		Release|Any CPU = Release|Any CPU
	EndGlobalSection
	GlobalSection(ProjectConfigurationPlatforms) = postSolution
		{64F8725C-2AD8-4435-81B1-2960F4267C15}.Debug|Any CPU.ActiveCfg = Debug|Any CPU
		{64F8725C-2AD8-4435-81B1-2960F4267C15}.Debug|Any CPU.Build.0 = Debug|Any CPU
		{64F8725C-2AD8-4435-81B1-2960F4267C15}.Release|Any CPU.ActiveCfg = Release|Any CPU
		{64F8725C-2AD8-4435-81B1-2960F4267C15}.Release|Any CPU.Build.0 = Release|Any CPU
		{FD793FF1-0388-49B8-A910-8E18BE0A526A}.Debug|Any CPU.ActiveCfg = Debug|Any CPU
		{FD793FF1-0388-49B8-A910-8E18BE0A526A}.Debug|Any CPU.Build.0 = Debug|Any CPU
		{FD793FF1-0388-49B8-A910-8E18BE0A526A}.Release|Any CPU.ActiveCfg = Release|Any CPU
		{FD793FF1-0388-49B8-A910-8E18BE0A526A}.Release|Any CPU.Build.0 = Release|Any CPU
	EndGlobalSection
	GlobalSection(SolutionProperties) = preSolution
		HideSolutionNode = FALSE
	EndGlobalSection
	GlobalSection(ExtensibilityGlobals) = postSolution
		SolutionGuid = {B9BF55C0-2228-43BB-B17C-29679D7F5355}
	EndGlobalSection
EndGlobal
